{
  "name": "PWA's_lokale_storage",
  "version": "1.0.0",
  "lockfileVersion": 1,
  "requires": true,
  "dependencies": {
    "idb": {
      "version": "7.0.1",
      "resolved": "https://registry.npmjs.org/idb/-/idb-7.0.1.tgz",
      "integrity": "sha512-UUxlE7vGWK5RfB/fDwEGgRf84DY/ieqNha6msMV99UsEMQhJ1RwbCd8AYBj3QMgnE3VZnfQvm4oKVCJTYlqIgg=="
    }
  }
}
